
Microsoft Visual Studio Solution File, Format Version 12.00
# Visual Studio Version 17
VisualStudioVersion = 17.11.35208.52
MinimumVisualStudioVersion = 10.0.40219.1
Project("{FAE04EC0-301F-11D3-BF4B-00C04F79EFBC}") = "eCinana", "eCinana\eCinana.csproj", "{375EED73-56A1-437C-A027-761F222AF503}"
EndProject
Global
	GlobalSection(SolutionConfigurationPlatforms) = preSolution
		Debug|Any CPU = Debug|Any CPU
		Release|Any CPU = Release|Any CPU
	EndGlobalSection
	GlobalSection(ProjectConfigurationPlatforms) = postSolution
		{375EED73-56A1-437C-A027-761F222AF503}.Debug|Any CPU.ActiveCfg = Debug|Any CPU
		{375EED73-56A1-437C-A027-761F222AF503}.Debug|Any CPU.Build.0 = Debug|Any CPU
		{375EED73-56A1-437C-A027-761F222AF503}.Release|Any CPU.ActiveCfg = Release|Any CPU
		{375EED73-56A1-437C-A027-761F222AF503}.Release|Any CPU.Build.0 = Release|Any CPU
	EndGlobalSection
	GlobalSection(SolutionProperties) = preSolution
		HideSolutionNode = FALSE
	EndGlobalSection
	GlobalSection(ExtensibilityGlobals) = postSolution
		SolutionGuid = {00B89515-FD98-425F-90FE-E2509D2660E3}
	EndGlobalSection
EndGlobal
